// !$*UTF8*$!
{
	archiveVersion = 1;
	classes = {
	};
	objectVersion = 48;
	objects = {

/* Begin PBXBuildFile section */
		747EEF592045CD4C003997A7 /* AppDelegate.swift in Sources */ = {isa = PBXBuildFile; fileRef = 747EEF582045CD4C003997A7 /* AppDelegate.swift */; };
		747EEF5B2045CD4C003997A7 /* ViewController.swift in Sources */ = {isa = PBXBuildFile; fileRef = 747EEF5A2045CD4C003997A7 /* ViewController.swift */; };
		747EEF5E2045CD4C003997A7 /* Main.storyboard in Resources */ = {isa = PBXBuildFile; fileRef = 747EEF5C2045CD4C003997A7 /* Main.storyboard */; };
		747EEF602045CD4C003997A7 /* Assets.xcassets in Resources */ = {isa = PBXBuildFile; fileRef = 747EEF5F2045CD4C003997A7 /* Assets.xcassets */; };
		747EEF632045CD4C003997A7 /* LaunchScreen.storyboard in Resources */ = {isa = PBXBuildFile; fileRef = 747EEF612045CD4C003997A7 /* LaunchScreen.storyboard */; };
		747EEF6E2045CD4C003997A7 /* LocalNotificationsTests.swift in Sources */ = {isa = PBXBuildFile; fileRef = 747EEF6D2045CD4C003997A7 /* LocalNotificationsTests.swift */; };
		747EEF792045CD4C003997A7 /* LocalNotificationsUITests.swift in Sources */ = {isa = PBXBuildFile; fileRef = 747EEF782045CD4C003997A7 /* LocalNotificationsUITests.swift */; };
/* End PBXBuildFile section */

/* Begin PBXContainerItemProxy section */
		747EEF6A2045CD4C003997A7 /* PBXContainerItemProxy */ = {
			isa = PBXContainerItemProxy;
			containerPortal = 747EEF4D2045CD4C003997A7 /* Project object */;
			proxyType = 1;
			remoteGlobalIDString = 747EEF542045CD4C003997A7;
			remoteInfo = LocalNotifications;
		};
		747EEF752045CD4C003997A7 /* PBXContainerItemProxy */ = {
			isa = PBXContainerItemProxy;
			containerPortal = 747EEF4D2045CD4C003997A7 /* Project object */;
			proxyType = 1;
			remoteGlobalIDString = 747EEF542045CD4C003997A7;
			remoteInfo = LocalNotifications;
		};
/* End PBXContainerItemProxy section */

/* Begin PBXFileReference section */
		747EEF552045CD4C003997A7 /* LocalNotifications.app */ = {isa = PBXFileReference; explicitFileType = wrapper.application; includeInIndex = 0; path = LocalNotifications.app; sourceTree = BUILT_PRODUCTS_DIR; };
		747EEF582045CD4C003997A7 /* AppDelegate.swift */ = {isa = PBXFileReference; lastKnownFileType = sourcecode.swift; path = AppDelegate.swift; sourceTree = "<group>"; };
		747EEF5A2045CD4C003997A7 /* ViewController.swift */ = {isa = PBXFileReference; lastKnownFileType = sourcecode.swift; path = ViewController.swift; sourceTree = "<group>"; };
		747EEF5D2045CD4C003997A7 /* Base */ = {isa = PBXFileReference; lastKnownFileType = file.storyboard; name = Base; path = Base.lproj/Main.storyboard; sourceTree = "<group>"; };
		747EEF5F2045CD4C003997A7 /* Assets.xcassets */ = {isa = PBXFileReference; lastKnownFileType = folder.assetcatalog; path = Assets.xcassets; sourceTree = "<group>"; };
		747EEF622045CD4C003997A7 /* Base */ = {isa = PBXFileReference; lastKnownFileType = file.storyboard; name = Base; path = Base.lproj/LaunchScreen.storyboard; sourceTree = "<group>"; };
		747EEF642045CD4C003997A7 /* Info.plist */ = {isa = PBXFileReference; lastKnownFileType = text.plist.xml; path = Info.plist; sourceTree = "<group>"; };
		747EEF692045CD4C003997A7 /* LocalNotificationsTests.xctest */ = {isa = PBXFileReference; explicitFileType = wrapper.cfbundle; includeInIndex = 0; path = LocalNotificationsTests.xctest; sourceTree = BUILT_PRODUCTS_DIR; };
		747EEF6D2045CD4C003997A7 /* LocalNotificationsTests.swift */ = {isa = PBXFileReference; lastKnownFileType = sourcecode.swift; path = LocalNotificationsTests.swift; sourceTree = "<group>"; };
		747EEF6F2045CD4C003997A7 /* Info.plist */ = {isa = PBXFileReference; lastKnownFileType = text.plist.xml; path = Info.plist; sourceTree = "<group>"; };
		747EEF742045CD4C003997A7 /* LocalNotificationsUITests.xctest */ = {isa = PBXFileReference; explicitFileType = wrapper.cfbundle; includeInIndex = 0; path = LocalNotificationsUITests.xctest; sourceTree = BUILT_PRODUCTS_DIR; };
		747EEF782045CD4C003997A7 /* LocalNotificationsUITests.swift */ = {isa = PBXFileReference; lastKnownFileType = sourcecode.swift; path = LocalNotificationsUITests.swift; sourceTree = "<group>"; };
		747EEF7A2045CD4C003997A7 /* Info.plist */ = {isa = PBXFileReference; lastKnownFileType = text.plist.xml; path = Info.plist; sourceTree = "<group>"; };
/* End PBXFileReference section */

/* Begin PBXFrameworksBuildPhase section */
		747EEF522045CD4C003997A7 /* Frameworks */ = {
			isa = PBXFrameworksBuildPhase;
			buildActionMask = 2147483647;
			files = (
			);
			runOnlyForDeploymentPostprocessing = 0;
		};
		747EEF662045CD4C003997A7 /* Frameworks */ = {
			isa = PBXFrameworksBuildPhase;
			buildActionMask = 2147483647;
			files = (
			);
			runOnlyForDeploymentPostprocessing = 0;
		};
		747EEF712045CD4C003997A7 /* Frameworks */ = {
			isa = PBXFrameworksBuildPhase;
			buildActionMask = 2147483647;
			files = (
			);
			runOnlyForDeploymentPostprocessing = 0;
		};
/* End PBXFrameworksBuildPhase section */

/* Begin PBXGroup section */
		747EEF4C2045CD4C003997A7 = {
			isa = PBXGroup;
			children = (
				747EEF572045CD4C003997A7 /* LocalNotifications */,
				747EEF6C2045CD4C003997A7 /* LocalNotificationsTests */,
				747EEF772045CD4C003997A7 /* LocalNotificationsUITests */,
				747EEF562045CD4C003997A7 /* Products */,
			);
			sourceTree = "<group>";
		};
		747EEF562045CD4C003997A7 /* Products */ = {
			isa = PBXGroup;
			children = (
				747EEF552045CD4C003997A7 /* LocalNotifications.app */,
				747EEF692045CD4C003997A7 /* LocalNotificationsTests.xctest */,
				747EEF742045CD4C003997A7 /* LocalNotificationsUITests.xctest */,
			);
			name = Products;
			sourceTree = "<group>";
		};
		747EEF572045CD4C003997A7 /* LocalNotifications */ = {
			isa = PBXGroup;
			children = (
				747EEF582045CD4C003997A7 /* AppDelegate.swift */,
				747EEF5A2045CD4C003997A7 /* ViewController.swift */,
				747EEF5C2045CD4C003997A7 /* Main.storyboard */,
				747EEF5F2045CD4C003997A7 /* Assets.xcassets */,
				747EEF612045CD4C003997A7 /* LaunchScreen.storyboard */,
				747EEF642045CD4C003997A7 /* Info.plist */,
			);
			path = LocalNotifications;
			sourceTree = "<group>";
		};
		747EEF6C2045CD4C003997A7 /* LocalNotificationsTests */ = {
			isa = PBXGroup;
			children = (
				747EEF6D2045CD4C003997A7 /* LocalNotificationsTests.swift */,
				747EEF6F2045CD4C003997A7 /* Info.plist */,
			);
			path = LocalNotificationsTests;
			sourceTree = "<group>";
		};
		747EEF772045CD4C003997A7 /* LocalNotificationsUITests */ = {
			isa = PBXGroup;
			children = (
				747EEF782045CD4C003997A7 /* LocalNotificationsUITests.swift */,
				747EEF7A2045CD4C003997A7 /* Info.plist */,
			);
			path = LocalNotificationsUITests;
			sourceTree = "<group>";
		};
/* End PBXGroup section */

/* Begin PBXNativeTarget section */
		747EEF542045CD4C003997A7 /* LocalNotifications */ = {
			isa = PBXNativeTarget;
			buildConfigurationList = 747EEF7D2045CD4C003997A7 /* Build configuration list for PBXNativeTarget "LocalNotifications" */;
			buildPhases = (
				747EEF512045CD4C003997A7 /* Sources */,
				747EEF522045CD4C003997A7 /* Frameworks */,
				747EEF532045CD4C003997A7 /* Resources */,
			);
			buildRules = (
			);
			dependencies = (
			);
			name = LocalNotifications;
			productName = LocalNotifications;
			productReference = 747EEF552045CD4C003997A7 /* LocalNotifications.app */;
			productType = "com.apple.product-type.application";
		};
		747EEF682045CD4C003997A7 /* LocalNotificationsTests */ = {
			isa = PBXNativeTarget;
			buildConfigurationList = 747EEF802045CD4C003997A7 /* Build configuration list for PBXNativeTarget "LocalNotificationsTests" */;
			buildPhases = (
				747EEF652045CD4C003997A7 /* Sources */,
				747EEF662045CD4C003997A7 /* Frameworks */,
				747EEF672045CD4C003997A7 /* Resources */,
			);
			buildRules = (
			);
			dependencies = (
				747EEF6B2045CD4C003997A7 /* PBXTargetDependency */,
			);
			name = LocalNotificationsTests;
			productName = LocalNotificationsTests;
			productReference = 747EEF692045CD4C003997A7 /* LocalNotificationsTests.xctest */;
			productType = "com.apple.product-type.bundle.unit-test";
		};
		747EEF732045CD4C003997A7 /* LocalNotificationsUITests */ = {
			isa = PBXNativeTarget;
			buildConfigurationList = 747EEF832045CD4C003997A7 /* Build configuration list for PBXNativeTarget "LocalNotificationsUITests" */;
			buildPhases = (
				747EEF702045CD4C003997A7 /* Sources */,
				747EEF712045CD4C003997A7 /* Frameworks */,
				747EEF722045CD4C003997A7 /* Resources */,
			);
			buildRules = (
			);
			dependencies = (
				747EEF762045CD4C003997A7 /* PBXTargetDependency */,
			);
			name = LocalNotificationsUITests;
			productName = LocalNotificationsUITests;
			productReference = 747EEF742045CD4C003997A7 /* LocalNotificationsUITests.xctest */;
			productType = "com.apple.product-type.bundle.ui-testing";
		};
/* End PBXNativeTarget section */

/* Begin PBXProject section */
		747EEF4D2045CD4C003997A7 /* Project object */ = {
			isa = PBXProject;
			attributes = {
				LastSwiftUpdateCheck = 0920;
				LastUpgradeCheck = 0920;
				ORGANIZATIONNAME = "Sophia Nesamoney";
				TargetAttributes = {
					747EEF542045CD4C003997A7 = {
						CreatedOnToolsVersion = 9.2;
						ProvisioningStyle = Automatic;
					};
					747EEF682045CD4C003997A7 = {
						CreatedOnToolsVersion = 9.2;
						ProvisioningStyle = Automatic;
						TestTargetID = 747EEF542045CD4C003997A7;
					};
					747EEF732045CD4C003997A7 = {
						CreatedOnToolsVersion = 9.2;
						ProvisioningStyle = Automatic;
						TestTargetID = 747EEF542045CD4C003997A7;
					};
				};
			};
			buildConfigurationList = 747EEF502045CD4C003997A7 /* Build configuration list for PBXProject "LocalNotifications" */;
			compatibilityVersion = "Xcode 8.0";
			developmentRegion = en;
			hasScannedForEncodings = 0;
			knownRegions = (
				en,
				Base,
			);
			mainGroup = 747EEF4C2045CD4C003997A7;
			productRefGroup = 747EEF562045CD4C003997A7 /* Products */;
			projectDirPath = "";
			projectRoot = "";
			targets = (
				747EEF542045CD4C003997A7 /* LocalNotifications */,
				747EEF682045CD4C003997A7 /* LocalNotificationsTests */,
				747EEF732045CD4C003997A7 /* LocalNotificationsUITests */,
			);
		};
/* End PBXProject section */

/* Begin PBXResourcesBuildPhase section */
		747EEF532045CD4C003997A7 /* Resources */ = {
			isa = PBXResourcesBuildPhase;
			buildActionMask = 2147483647;
			files = (
				747EEF632045CD4C003997A7 /* LaunchScreen.storyboard in Resources */,
				747EEF602045CD4C003997A7 /* Assets.xcassets in Resources */,
				747EEF5E2045CD4C003997A7 /* Main.storyboard in Resources */,
			);
			runOnlyForDeploymentPostprocessing = 0;
		};
		747EEF672045CD4C003997A7 /* Resources */ = {
			isa = PBXResourcesBuildPhase;
			buildActionMask = 2147483647;
			files = (
			);
			runOnlyForDeploymentPostprocessing = 0;
		};
		747EEF722045CD4C003997A7 /* Resources */ = {
			isa = PBXResourcesBuildPhase;
			buildActionMask = 2147483647;
			files = (
			);
			runOnlyForDeploymentPostprocessing = 0;
		};
/* End PBXResourcesBuildPhase section */

/* Begin PBXSourcesBuildPhase section */
		747EEF512045CD4C003997A7 /* Sources */ = {
			isa = PBXSourcesBuildPhase;
			buildActionMask = 2147483647;
			files = (
				747EEF5B2045CD4C003997A7 /* ViewController.swift in Sources */,
				747EEF592045CD4C003997A7 /* AppDelegate.swift in Sources */,
			);
			runOnlyForDeploymentPostprocessing = 0;
		};
		747EEF652045CD4C003997A7 /* Sources */ = {
			isa = PBXSourcesBuildPhase;
			buildActionMask = 2147483647;
			files = (
				747EEF6E2045CD4C003997A7 /* LocalNotificationsTests.swift in Sources */,
			);
			runOnlyForDeploymentPostprocessing = 0;
		};
		747EEF702045CD4C003997A7 /* Sources */ = {
			isa = PBXSourcesBuildPhase;
			buildActionMask = 2147483647;
			files = (
				747EEF792045CD4C003997A7 /* LocalNotificationsUITests.swift in Sources */,
			);
			runOnlyForDeploymentPostprocessing = 0;
		};
/* End PBXSourcesBuildPhase section */

/* Begin PBXTargetDependency section */
		747EEF6B2045CD4C003997A7 /* PBXTargetDependency */ = {
			isa = PBXTargetDependency;
			target = 747EEF542045CD4C003997A7 /* LocalNotifications */;
			targetProxy = 747EEF6A2045CD4C003997A7 /* PBXContainerItemProxy */;
		};
		747EEF762045CD4C003997A7 /* PBXTargetDependency */ = {
			isa = PBXTargetDependency;
			target = 747EEF542045CD4C003997A7 /* LocalNotifications */;
			targetProxy = 747EEF752045CD4C003997A7 /* PBXContainerItemProxy */;
		};
/* End PBXTargetDependency section */

/* Begin PBXVariantGroup section */
		747EEF5C2045CD4C003997A7 /* Main.storyboard */ = {
			isa = PBXVariantGroup;
			children = (
				747EEF5D2045CD4C003997A7 /* Base */,
			);
			name = Main.storyboard;
			sourceTree = "<group>";
		};
		747EEF612045CD4C003997A7 /* LaunchScreen.storyboard */ = {
			isa = PBXVariantGroup;
			children = (
				747EEF622045CD4C003997A7 /* Base */,
			);
			name = LaunchScreen.storyboard;
			sourceTree = "<group>";
		};
/* End PBXVariantGroup section */

/* Begin XCBuildConfiguration section */
		747EEF7B2045CD4C003997A7 /* Debug */ = {
			isa = XCBuildConfiguration;
			buildSettings = {
				ALWAYS_SEARCH_USER_PATHS = NO;
				CLANG_ANALYZER_NONNULL = YES;
				CLANG_ANALYZER_NUMBER_OBJECT_CONVERSION = YES_AGGRESSIVE;
				CLANG_CXX_LANGUAGE_STANDARD = "gnu++14";
				CLANG_CXX_LIBRARY = "libc++";
				CLANG_ENABLE_MODULES = YES;
				CLANG_ENABLE_OBJC_ARC = YES;
				CLANG_WARN_BLOCK_CAPTURE_AUTORELEASING = YES;
				CLANG_WARN_BOOL_CONVERSION = YES;
				CLANG_WARN_COMMA = YES;
				CLANG_WARN_CONSTANT_CONVERSION = YES;
				CLANG_WARN_DIRECT_OBJC_ISA_USAGE = YES_ERROR;
				CLANG_WARN_DOCUMENTATION_COMMENTS = YES;
				CLANG_WARN_EMPTY_BODY = YES;
				CLANG_WARN_ENUM_CONVERSION = YES;
				CLANG_WARN_INFINITE_RECURSION = YES;
				CLANG_WARN_INT_CONVERSION = YES;
				CLANG_WARN_NON_LITERAL_NULL_CONVERSION = YES;
				CLANG_WARN_OBJC_LITERAL_CONVERSION = YES;
				CLANG_WARN_OBJC_ROOT_CLASS = YES_ERROR;
				CLANG_WARN_RANGE_LOOP_ANALYSIS = YES;
				CLANG_WARN_STRICT_PROTOTYPES = YES;
				CLANG_WARN_SUSPICIOUS_MOVE = YES;
				CLANG_WARN_UNGUARDED_AVAILABILITY = YES_AGGRESSIVE;
				CLANG_WARN_UNREACHABLE_CODE = YES;
				CLANG_WARN__DUPLICATE_METHOD_MATCH = YES;
				CODE_SIGN_IDENTITY = "iPhone Developer";
				COPY_PHASE_STRIP = NO;
				DEBUG_INFORMATION_FORMAT = dwarf;
				ENABLE_STRICT_OBJC_MSGSEND = YES;
				ENABLE_TESTABILITY = YES;
				GCC_C_LANGUAGE_STANDARD = gnu11;
				GCC_DYNAMIC_NO_PIC = NO;
				GCC_NO_COMMON_BLOCKS = YES;
				GCC_OPTIMIZATION_LEVEL = 0;
				GCC_PREPROCESSOR_DEFINITIONS = (
					"DEBUG=1",
					"$(inherited)",
				);
				GCC_WARN_64_TO_32_BIT_CONVERSION = YES;
				GCC_WARN_ABOUT_RETURN_TYPE = YES_ERROR;
				GCC_WARN_UNDECLARED_SELECTOR = YES;
				GCC_WARN_UNINITIALIZED_AUTOS = YES_AGGRESSIVE;
				GCC_WARN_UNUSED_FUNCTION = YES;
				GCC_WARN_UNUSED_VARIABLE = YES;
				IPHONEOS_DEPLOYMENT_TARGET = 11.2;
				MTL_ENABLE_DEBUG_INFO = YES;
				ONLY_ACTIVE_ARCH = YES;
				SDKROOT = iphoneos;
				SWIFT_ACTIVE_COMPILATION_CONDITIONS = DEBUG;
				SWIFT_OPTIMIZATION_LEVEL = "-Onone";
			};
			name = Debug;
		};
		747EEF7C2045CD4C003997A7 /* Release */ = {
			isa = XCBuildConfiguration;
			buildSettings = {
				ALWAYS_SEARCH_USER_PATHS = NO;
				CLANG_ANALYZER_NONNULL = YES;
				CLANG_ANALYZER_NUMBER_OBJECT_CONVERSION = YES_AGGRESSIVE;
				CLANG_CXX_LANGUAGE_STANDARD = "gnu++14";
				CLANG_CXX_LIBRARY = "libc++";
				CLANG_ENABLE_MODULES = YES;
				CLANG_ENABLE_OBJC_ARC = YES;
				CLANG_WARN_BLOCK_CAPTURE_AUTORELEASING = YES;
				CLANG_WARN_BOOL_CONVERSION = YES;
				CLANG_WARN_COMMA = YES;
				CLANG_WARN_CONSTANT_CONVERSION = YES;
				CLANG_WARN_DIRECT_OBJC_ISA_USAGE = YES_ERROR;
				CLANG_WARN_DOCUMENTATION_COMMENTS = YES;
				CLANG_WARN_EMPTY_BODY = YES;
				CLANG_WARN_ENUM_CONVERSION = YES;
				CLANG_WARN_INFINITE_RECURSION = YES;
				CLANG_WARN_INT_CONVERSION = YES;
				CLANG_WARN_NON_LITERAL_NULL_CONVERSION = YES;
				CLANG_WARN_OBJC_LITERAL_CONVERSION = YES;
				CLANG_WARN_OBJC_ROOT_CLASS = YES_ERROR;
				CLANG_WARN_RANGE_LOOP_ANALYSIS = YES;
				CLANG_WARN_STRICT_PROTOTYPES = YES;
				CLANG_WARN_SUSPICIOUS_MOVE = YES;
				CLANG_WARN_UNGUARDED_AVAILABILITY = YES_AGGRESSIVE;
				CLANG_WARN_UNREACHABLE_CODE = YES;
				CLANG_WARN__DUPLICATE_METHOD_MATCH = YES;
				CODE_SIGN_IDENTITY = "iPhone Developer";
				COPY_PHASE_STRIP = NO;
				DEBUG_INFORMATION_FORMAT = "dwarf-with-dsym";
				ENABLE_NS_ASSERTIONS = NO;
				ENABLE_STRICT_OBJC_MSGSEND = YES;
				GCC_C_LANGUAGE_STANDARD = gnu11;
				GCC_NO_COMMON_BLOCKS = YES;
				GCC_WARN_64_TO_32_BIT_CONVERSION = YES;
				GCC_WARN_ABOUT_RETURN_TYPE = YES_ERROR;
				GCC_WARN_UNDECLARED_SELECTOR = YES;
				GCC_WARN_UNINITIALIZED_AUTOS = YES_AGGRESSIVE;
				GCC_WARN_UNUSED_FUNCTION = YES;
				GCC_WARN_UNUSED_VARIABLE = YES;
				IPHONEOS_DEPLOYMENT_TARGET = 11.2;
				MTL_ENABLE_DEBUG_INFO = NO;
				SDKROOT = iphoneos;
				SWIFT_OPTIMIZATION_LEVEL = "-Owholemodule";
				VALIDATE_PRODUCT = YES;
			};
			name = Release;
		};
		747EEF7E2045CD4C003997A7 /* Debug */ = {
			isa = XCBuildConfiguration;
			buildSettings = {
				ASSETCATALOG_COMPILER_APPICON_NAME = AppIcon;
				CODE_SIGN_STYLE = Automatic;
				INFOPLIST_FILE = LocalNotifications/Info.plist;
				LD_RUNPATH_SEARCH_PATHS = "$(inherited) @executable_path/Frameworks";
				PRODUCT_BUNDLE_IDENTIFIER = sophia.LocalNotifications;
				PRODUCT_NAME = "$(TARGET_NAME)";
				SWIFT_VERSION = 4.0;
				TARGETED_DEVICE_FAMILY = "1,2";
			};
			name = Debug;
		};
		747EEF7F2045CD4C003997A7 /* Release */ = {
			isa = XCBuildConfiguration;
			buildSettings = {
				ASSETCATALOG_COMPILER_APPICON_NAME = AppIcon;
				CODE_SIGN_STYLE = Automatic;
				INFOPLIST_FILE = LocalNotifications/Info.plist;
				LD_RUNPATH_SEARCH_PATHS = "$(inherited) @executable_path/Frameworks";
				PRODUCT_BUNDLE_IDENTIFIER = sophia.LocalNotifications;
				PRODUCT_NAME = "$(TARGET_NAME)";
				SWIFT_VERSION = 4.0;
				TARGETED_DEVICE_FAMILY = "1,2";
			};
			name = Release;
		};
		747EEF812045CD4C003997A7 /* Debug */ = {
			isa = XCBuildConfiguration;
			buildSettings = {
				ALWAYS_EMBED_SWIFT_STANDARD_LIBRARIES = YES;
				BUNDLE_LOADER = "$(TEST_HOST)";
				CODE_SIGN_STYLE = Automatic;
				INFOPLIST_FILE = LocalNotificationsTests/Info.plist;
				LD_RUNPATH_SEARCH_PATHS = "$(inherited) @executable_path/Frameworks @loader_path/Frameworks";
				PRODUCT_BUNDLE_IDENTIFIER = sophia.LocalNotificationsTests;
				PRODUCT_NAME = "$(TARGET_NAME)";
				SWIFT_VERSION = 4.0;
				TARGETED_DEVICE_FAMILY = "1,2";
				TEST_HOST = "$(BUILT_PRODUCTS_DIR)/LocalNotifications.app/LocalNotifications";
			};
			name = Debug;
		};
		747EEF822045CD4C003997A7 /* Release */ = {
			isa = XCBuildConfiguration;
			buildSettings = {
				ALWAYS_EMBED_SWIFT_STANDARD_LIBRARIES = YES;
				BUNDLE_LOADER = "$(TEST_HOST)";
				CODE_SIGN_STYLE = Automatic;
				INFOPLIST_FILE = LocalNotificationsTests/Info.plist;
				LD_RUNPATH_SEARCH_PATHS = "$(inherited) @executable_path/Frameworks @loader_path/Frameworks";
				PRODUCT_BUNDLE_IDENTIFIER = sophia.LocalNotificationsTests;
				PRODUCT_NAME = "$(TARGET_NAME)";
				SWIFT_VERSION = 4.0;
				TARGETED_DEVICE_FAMILY = "1,2";
				TEST_HOST = "$(BUILT_PRODUCTS_DIR)/LocalNotifications.app/LocalNotifications";
			};
			name = Release;
		};
		747EEF842045CD4C003997A7 /* Debug */ = {
			isa = XCBuildConfiguration;
			buildSettings = {
				ALWAYS_EMBED_SWIFT_STANDARD_LIBRARIES = YES;
				CODE_SIGN_STYLE = Automatic;
				INFOPLIST_FILE = LocalNotificationsUITests/Info.plist;
				LD_RUNPATH_SEARCH_PATHS = "$(inherited) @executable_path/Frameworks @loader_path/Frameworks";
				PRODUCT_BUNDLE_IDENTIFIER = sophia.LocalNotificationsUITests;
				PRODUCT_NAME = "$(TARGET_NAME)";
				SWIFT_VERSION = 4.0;
				TARGETED_DEVICE_FAMILY = "1,2";
				TEST_TARGET_NAME = LocalNotifications;
			};
			name = Debug;
		};
		747EEF852045CD4C003997A7 /* Release */ = {
			isa = XCBuildConfiguration;
			buildSettings = {
				ALWAYS_EMBED_SWIFT_STANDARD_LIBRARIES = YES;
				CODE_SIGN_STYLE = Automatic;
				INFOPLIST_FILE = LocalNotificationsUITests/Info.plist;
				LD_RUNPATH_SEARCH_PATHS = "$(inherited) @executable_path/Frameworks @loader_path/Frameworks";
				PRODUCT_BUNDLE_IDENTIFIER = sophia.LocalNotificationsUITests;
				PRODUCT_NAME = "$(TARGET_NAME)";
				SWIFT_VERSION = 4.0;
				TARGETED_DEVICE_FAMILY = "1,2";
				TEST_TARGET_NAME = LocalNotifications;
			};
			name = Release;
		};
/* End XCBuildConfiguration section */

/* Begin XCConfigurationList section */
		747EEF502045CD4C003997A7 /* Build configuration list for PBXProject "LocalNotifications" */ = {
			isa = XCConfigurationList;
			buildConfigurations = (
				747EEF7B2045CD4C003997A7 /* Debug */,
				747EEF7C2045CD4C003997A7 /* Release */,
			);
			defaultConfigurationIsVisible = 0;
			defaultConfigurationName = Release;
		};
		747EEF7D2045CD4C003997A7 /* Build configuration list for PBXNativeTarget "LocalNotifications" */ = {
			isa = XCConfigurationList;
			buildConfigurations = (
				747EEF7E2045CD4C003997A7 /* Debug */,
				747EEF7F2045CD4C003997A7 /* Release */,
			);
			defaultConfigurationIsVisible = 0;
			defaultConfigurationName = Release;
		};
		747EEF802045CD4C003997A7 /* Build configuration list for PBXNativeTarget "LocalNotificationsTests" */ = {
			isa = XCConfigurationList;
			buildConfigurations = (
				747EEF812045CD4C003997A7 /* Debug */,
				747EEF822045CD4C003997A7 /* Release */,
			);
			defaultConfigurationIsVisible = 0;
			defaultConfigurationName = Release;
		};
		747EEF832045CD4C003997A7 /* Build configuration list for PBXNativeTarget "LocalNotificationsUITests" */ = {
			isa = XCConfigurationList;
			buildConfigurations = (
				747EEF842045CD4C003997A7 /* Debug */,
				747EEF852045CD4C003997A7 /* Release */,
			);
			defaultConfigurationIsVisible = 0;
			defaultConfigurationName = Release;
		};
/* End XCConfigurationList section */
	};
	rootObject = 747EEF4D2045CD4C003997A7 /* Project object */;
}
